
Microsoft Visual Studio Solution File, Format Version 12.00
# Visual Studio 15
VisualStudioVersion = 15.0.27703.2035
MinimumVisualStudioVersion = 10.0.40219.1
Project("{FAE04EC0-301F-11D3-BF4B-00C04F79EFBC}") = "BaseClients", "BaseClients\BaseClients.csproj", "{695493A0-223E-4963-98FC-40AA8C0F958E}"
EndProject
Project("{FAE04EC0-301F-11D3-BF4B-00C04F79EFBC}") = "BaseClients.Test", "BaseClients.Test\BaseClients.Test.csproj", "{10A67FE3-F2DE-4CB3-ABC9-808FD1C707B4}"
EndProject
Global
	GlobalSection(SolutionConfigurationPlatforms) = preSolution
		Debug|Any CPU = Debug|Any CPU
		Release|Any CPU = Release|Any CPU
	EndGlobalSection
	GlobalSection(ProjectConfigurationPlatforms) = postSolution
		{695493A0-223E-4963-98FC-40AA8C0F958E}.Debug|Any CPU.ActiveCfg = Debug|Any CPU
		{695493A0-223E-4963-98FC-40AA8C0F958E}.Debug|Any CPU.Build.0 = Debug|Any CPU
		{695493A0-223E-4963-98FC-40AA8C0F958E}.Release|Any CPU.ActiveCfg = Release|Any CPU
		{695493A0-223E-4963-98FC-40AA8C0F958E}.Release|Any CPU.Build.0 = Release|Any CPU
		{10A67FE3-F2DE-4CB3-ABC9-808FD1C707B4}.Debug|Any CPU.ActiveCfg = Debug|Any CPU
		{10A67FE3-F2DE-4CB3-ABC9-808FD1C707B4}.Debug|Any CPU.Build.0 = Debug|Any CPU
		{10A67FE3-F2DE-4CB3-ABC9-808FD1C707B4}.Release|Any CPU.ActiveCfg = Release|Any CPU
		{10A67FE3-F2DE-4CB3-ABC9-808FD1C707B4}.Release|Any CPU.Build.0 = Release|Any CPU
	EndGlobalSection
	GlobalSection(SolutionProperties) = preSolution
		HideSolutionNode = FALSE
	EndGlobalSection
	GlobalSection(ExtensibilityGlobals) = postSolution
		SolutionGuid = {641AFE33-1F9C-46FC-A2D4-54756E067CBD}
	EndGlobalSection
EndGlobal
